# THIS IS AN AUTOGENERATED FILE. DO NOT EDIT THIS FILE DIRECTLY.
# yarn lockfile v1


big.js@^5.2.2:
  version "5.2.2"
  resolved "https://npm.zhonganonline.com/big.js/-/big.js-5.2.2.tgz#65f0af382f578bcdc742bd9c281e9cb2d7768328"
  integrity sha512-vyL2OymJxmarO8gxMr0mhChsO9QGwhynfuu4+MHTAW6czfq9humCB7rKpUjDd9YUiDPU4mzpyupFSvOClAwbmQ==

dom-walk@^0.1.0:
  version "0.1.1"
  resolved "https://npm.zhonganonline.com/dom-walk/-/dom-walk-0.1.1.tgz#672226dc74c8f799ad35307df936aba11acd6018"
  integrity sha1-ZyIm3HTI95mtNTB9+TaroRrNYBg=

emojis-list@^2.0.0:
  version "2.1.0"
  resolved "https://npm.zhonganonline.com/emojis-list/-/emojis-list-2.1.0.tgz#4daa4d9db00f9819880c79fa457ae5b09a1fd389"
  integrity sha1-TapNnbAPmBmIDHn6RXrlsJof04k=

fast-levenshtein@^2.0.6:
  version "2.0.6"
  resolved "https://npm.zhonganonline.com/fast-levenshtein/-/fast-levenshtein-2.0.6.tgz#3d8a5c66883a16a30ca8643e851f19baa7797917"
  integrity sha1-PYpcZog6FqMMqGQ+hR8Zuqd5eRc=

global@^4.3.0:
  version "4.3.2"
  resolved "https://npm.zhonganonline.com/global/-/global-4.3.2.tgz#e76989268a6c74c38908b1305b10fc0e394e9d0f"
  integrity sha1-52mJJopsdMOJCLEwWxD8DjlOnQ8=
  dependencies:
    min-document "^2.19.0"
    process "~0.5.1"

hoist-non-react-statics@^3.3.0:
  version "3.3.0"
  resolved "https://npm.zhonganonline.com/hoist-non-react-statics/-/hoist-non-react-statics-3.3.0.tgz#b09178f0122184fb95acf525daaecb4d8f45958b"
  integrity sha1-sJF48BIhhPuVrPUl2q7LTY9FlYs=
  dependencies:
    react-is "^16.7.0"

"js-tokens@^3.0.0 || ^4.0.0":
  version "4.0.0"
  resolved "https://npm.zhonganonline.com/js-tokens/-/js-tokens-4.0.0.tgz#19203fb59991df98e3a287050d4647cdeaf32499"
  integrity sha1-GSA/tZmR35jjoocFDUZHzerzJJk=

json5@^1.0.1:
  version "1.0.1"
  resolved "https://npm.zhonganonline.com/json5/-/json5-1.0.1.tgz#779fb0018604fa854eacbf6252180d83543e3dbe"
  integrity sha1-d5+wAYYE+oVOrL9iUhgNg1Q+Pb4=
  dependencies:
    minimist "^1.2.0"

loader-utils@^1.1.0:
  version "1.2.3"
  resolved "https://npm.zhonganonline.com/loader-utils/-/loader-utils-1.2.3.tgz#1ff5dc6911c9f0a062531a4c04b609406108c2c7"
  integrity sha1-H/XcaRHJ8KBiUxpMBLYJQGEIwsc=
  dependencies:
    big.js "^5.2.2"
    emojis-list "^2.0.0"
    json5 "^1.0.1"

lodash@^4.17.11:
  version "4.17.11"
  resolved "https://npm.zhonganonline.com/lodash/-/lodash-4.17.11.tgz#b39ea6229ef607ecd89e2c8df12536891cac9b8d"
  integrity sha512-cQKh8igo5QUhZ7lg38DYWAxMvjSAKG0A8wGSVimP07SIUEK2UO+arSRKbRZWtelMtN5V0Hkwh5ryOto/SshYIg==

loose-envify@^1.4.0:
  version "1.4.0"
  resolved "https://npm.zhonganonline.com/loose-envify/-/loose-envify-1.4.0.tgz#71ee51fa7be4caec1a63839f7e682d8132d30caf"
  integrity sha512-lyuxPGr/Wfhrlem2CL/UcnUc1zcqKAImBDzukY7Y5F/yQiNdko6+fRLevlw1HgMySw7f611UIY408EtxRSoK3Q==
  dependencies:
    js-tokens "^3.0.0 || ^4.0.0"

min-document@^2.19.0:
  version "2.19.0"
  resolved "https://npm.zhonganonline.com/min-document/-/min-document-2.19.0.tgz#7bd282e3f5842ed295bb748cdd9f1ffa2c824685"
  integrity sha1-e9KC4/WELtKVu3SM3Z8f+iyCRoU=
  dependencies:
    dom-walk "^0.1.0"

minimist@^1.2.0:
  version "1.2.0"
  resolved "https://npm.zhonganonline.com/minimist/-/minimist-1.2.0.tgz#a35008b20f41383eec1fb914f4cd5df79a264284"
  integrity sha1-o1AIsg9BOD7sH7kU9M1d95omQoQ=

object-assign@^4.1.1:
  version "4.1.1"
  resolved "https://npm.zhonganonline.com/object-assign/-/object-assign-4.1.1.tgz#2109adc7965887cfc05cbbd442cac8bfbb360863"
  integrity sha1-IQmtx5ZYh8/AXLvUQsrIv7s2CGM=

process@~0.5.1:
  version "0.5.2"
  resolved "https://npm.zhonganonline.com/process/-/process-0.5.2.tgz#1638d8a8e34c2f440a91db95ab9aeb677fc185cf"
  integrity sha1-FjjYqONML0QKkduVq5rrZ3/Bhc8=

prop-types@^15.6.1:
  version "15.7.2"
  resolved "https://npm.zhonganonline.com/prop-types/-/prop-types-15.7.2.tgz#52c41e75b8c87e72b9d9360e0206b99dcbffa6c5"
  integrity sha1-UsQedbjIfnK52TYOAga5ncv/psU=
  dependencies:
    loose-envify "^1.4.0"
    object-assign "^4.1.1"
    react-is "^16.8.1"

react-hot-loader@^4.6.3:
  version "4.8.0"
  resolved "https://npm.zhonganonline.com/react-hot-loader/-/react-hot-loader-4.8.0.tgz#0b7c7dd9407415e23eb8246fdd28b0b839f54cb6"
  integrity sha1-C3x92UB0FeI+uCRv3SiwuDn1TLY=
  dependencies:
    fast-levenshtein "^2.0.6"
    global "^4.3.0"
    hoist-non-react-statics "^3.3.0"
    loader-utils "^1.1.0"
    lodash "^4.17.11"
    prop-types "^15.6.1"
    react-lifecycles-compat "^3.0.4"
    shallowequal "^1.0.2"
    source-map "^0.7.3"

react-is@^16.7.0, react-is@^16.8.1:
  version "16.8.5"
  resolved "https://npm.zhonganonline.com/react-is/-/react-is-16.8.5.tgz#c54ac229dd66b5afe0de5acbe47647c3da692ff8"
  integrity sha1-xUrCKd1mta/g3lrL5HZHw9ppL/g=

react-lifecycles-compat@^3.0.4:
  version "3.0.4"
  resolved "https://npm.zhonganonline.com/react-lifecycles-compat/-/react-lifecycles-compat-3.0.4.tgz#4f1a273afdfc8f3488a8c516bfda78f872352362"
  integrity sha1-TxonOv38jzSIqMUWv9p4+HI1I2I=

shallowequal@^1.0.2:
  version "1.1.0"
  resolved "https://npm.zhonganonline.com/shallowequal/-/shallowequal-1.1.0.tgz#188d521de95b9087404fd4dcb68b13df0ae4e7f8"
  integrity sha512-y0m1JoUZSlPAjXVtPPW70aZWfIL/dSP7AFkRnniLCrK/8MDKog3TySTBmckD+RObVxH0v4Tox67+F14PdED2oQ==

source-map@^0.7.3:
  version "0.7.3"
  resolved "https://npm.zhonganonline.com/source-map/-/source-map-0.7.3.tgz#5302f8169031735226544092e64981f751750383"
  integrity sha1-UwL4FpAxc1ImVECS5kmB91F1A4M=
